// !$*UTF8*$!
{
	archiveVersion = 1;
	classes = {
	};
	objectVersion = 50;
	objects = {

/* Begin PBXBuildFile section */
		5DF34E6D242FEB82006F0CDC /* AppDelegate.swift in Sources */ = {isa = PBXBuildFile; fileRef = 5DF34E6C242FEB82006F0CDC /* AppDelegate.swift */; };
		5DF34E6F242FEB82006F0CDC /* SceneDelegate.swift in Sources */ = {isa = PBXBuildFile; fileRef = 5DF34E6E242FEB82006F0CDC /* SceneDelegate.swift */; };
		5DF34E71242FEB82006F0CDC /* ViewController.swift in Sources */ = {isa = PBXBuildFile; fileRef = 5DF34E70242FEB82006F0CDC /* ViewController.swift */; };
		5DF34E74242FEB82006F0CDC /* Main.storyboard in Resources */ = {isa = PBXBuildFile; fileRef = 5DF34E72242FEB82006F0CDC /* Main.storyboard */; };
		5DF34E76242FEB82006F0CDC /* Assets.xcassets in Resources */ = {isa = PBXBuildFile; fileRef = 5DF34E75242FEB82006F0CDC /* Assets.xcassets */; };
		5DF34E79242FEB82006F0CDC /* LaunchScreen.storyboard in Resources */ = {isa = PBXBuildFile; fileRef = 5DF34E77242FEB82006F0CDC /* LaunchScreen.storyboard */; };
/* End PBXBuildFile section */

/* Begin PBXFileReference section */
		5DF34E69242FEB82006F0CDC /* tableViewTest.app */ = {isa = PBXFileReference; explicitFileType = wrapper.application; includeInIndex = 0; path = tableViewTest.app; sourceTree = BUILT_PRODUCTS_DIR; };
		5DF34E6C242FEB82006F0CDC /* AppDelegate.swift */ = {isa = PBXFileReference; lastKnownFileType = sourcecode.swift; path = AppDelegate.swift; sourceTree = "<group>"; };
		5DF34E6E242FEB82006F0CDC /* SceneDelegate.swift */ = {isa = PBXFileReference; lastKnownFileType = sourcecode.swift; path = SceneDelegate.swift; sourceTree = "<group>"; };
		5DF34E70242FEB82006F0CDC /* ViewController.swift */ = {isa = PBXFileReference; lastKnownFileType = sourcecode.swift; path = ViewController.swift; sourceTree = "<group>"; };
		5DF34E73242FEB82006F0CDC /* Base */ = {isa = PBXFileReference; lastKnownFileType = file.storyboard; name = Base; path = Base.lproj/Main.storyboard; sourceTree = "<group>"; };
		5DF34E75242FEB82006F0CDC /* Assets.xcassets */ = {isa = PBXFileReference; lastKnownFileType = folder.assetcatalog; path = Assets.xcassets; sourceTree = "<group>"; };
		5DF34E78242FEB82006F0CDC /* Base */ = {isa = PBXFileReference; lastKnownFileType = file.storyboard; name = Base; path = Base.lproj/LaunchScreen.storyboard; sourceTree = "<group>"; };
		5DF34E7A242FEB82006F0CDC /* Info.plist */ = {isa = PBXFileReference; lastKnownFileType = text.plist.xml; path = Info.plist; sourceTree = "<group>"; };
/* End PBXFileReference section */

/* Begin PBXFrameworksBuildPhase section */
		5DF34E66242FEB82006F0CDC /* Frameworks */ = {
			isa = PBXFrameworksBuildPhase;
			buildActionMask = 2147483647;
			files = (
			);
			runOnlyForDeploymentPostprocessing = 0;
		};
/* End PBXFrameworksBuildPhase section */

/* Begin PBXGroup section */
		5DF34E60242FEB82006F0CDC = {
			isa = PBXGroup;
			children = (
				5DF34E6B242FEB82006F0CDC /* tableViewTest */,
				5DF34E6A242FEB82006F0CDC /* Products */,
			);
			sourceTree = "<group>";
		};
		5DF34E6A242FEB82006F0CDC /* Products */ = {
			isa = PBXGroup;
			children = (
				5DF34E69242FEB82006F0CDC /* tableViewTest.app */,
			);
			name = Products;
			sourceTree = "<group>";
		};
		5DF34E6B242FEB82006F0CDC /* tableViewTest */ = {
			isa = PBXGroup;
			children = (
				5DF34E6C242FEB82006F0CDC /* AppDelegate.swift */,
				5DF34E6E242FEB82006F0CDC /* SceneDelegate.swift */,
				5DF34E70242FEB82006F0CDC /* ViewController.swift */,
				5DF34E72242FEB82006F0CDC /* Main.storyboard */,
				5DF34E75242FEB82006F0CDC /* Assets.xcassets */,
				5DF34E77242FEB82006F0CDC /* LaunchScreen.storyboard */,
				5DF34E7A242FEB82006F0CDC /* Info.plist */,
			);
			path = tableViewTest;
			sourceTree = "<group>";
		};
/* End PBXGroup section */

/* Begin PBXNativeTarget section */
		5DF34E68242FEB82006F0CDC /* tableViewTest */ = {
			isa = PBXNativeTarget;
			buildConfigurationList = 5DF34E7D242FEB82006F0CDC /* Build configuration list for PBXNativeTarget "tableViewTest" */;
			buildPhases = (
				5DF34E65242FEB82006F0CDC /* Sources */,
				5DF34E66242FEB82006F0CDC /* Frameworks */,
				5DF34E67242FEB82006F0CDC /* Resources */,
			);
			buildRules = (
			);
			dependencies = (
			);
			name = tableViewTest;
			productName = tableViewTest;
			productReference = 5DF34E69242FEB82006F0CDC /* tableViewTest.app */;
			productType = "com.apple.product-type.application";
		};
/* End PBXNativeTarget section */

/* Begin PBXProject section */
		5DF34E61242FEB82006F0CDC /* Project object */ = {
			isa = PBXProject;
			attributes = {
				LastSwiftUpdateCheck = 1130;
				LastUpgradeCheck = 1130;
				ORGANIZATIONNAME = cihanbas;
				TargetAttributes = {
					5DF34E68242FEB82006F0CDC = {
						CreatedOnToolsVersion = 11.3.1;
					};
				};
			};
			buildConfigurationList = 5DF34E64242FEB82006F0CDC /* Build configuration list for PBXProject "tableViewTest" */;
			compatibilityVersion = "Xcode 9.3";
			developmentRegion = en;
			hasScannedForEncodings = 0;
			knownRegions = (
				en,
				Base,
			);
			mainGroup = 5DF34E60242FEB82006F0CDC;
			productRefGroup = 5DF34E6A242FEB82006F0CDC /* Products */;
			projectDirPath = "";
			projectRoot = "";
			targets = (
				5DF34E68242FEB82006F0CDC /* tableViewTest */,
			);
		};
/* End PBXProject section */

/* Begin PBXResourcesBuildPhase section */
		5DF34E67242FEB82006F0CDC /* Resources */ = {
			isa = PBXResourcesBuildPhase;
			buildActionMask = 2147483647;
			files = (
				5DF34E79242FEB82006F0CDC /* LaunchScreen.storyboard in Resources */,
				5DF34E76242FEB82006F0CDC /* Assets.xcassets in Resources */,
				5DF34E74242FEB82006F0CDC /* Main.storyboard in Resources */,
			);
			runOnlyForDeploymentPostprocessing = 0;
		};
/* End PBXResourcesBuildPhase section */

/* Begin PBXSourcesBuildPhase section */
		5DF34E65242FEB82006F0CDC /* Sources */ = {
			isa = PBXSourcesBuildPhase;
			buildActionMask = 2147483647;
			files = (
				5DF34E71242FEB82006F0CDC /* ViewController.swift in Sources */,
				5DF34E6D242FEB82006F0CDC /* AppDelegate.swift in Sources */,
				5DF34E6F242FEB82006F0CDC /* SceneDelegate.swift in Sources */,
			);
			runOnlyForDeploymentPostprocessing = 0;
		};
/* End PBXSourcesBuildPhase section */

/* Begin PBXVariantGroup section */
		5DF34E72242FEB82006F0CDC /* Main.storyboard */ = {
			isa = PBXVariantGroup;
			children = (
				5DF34E73242FEB82006F0CDC /* Base */,
			);
			name = Main.storyboard;
			sourceTree = "<group>";
		};
		5DF34E77242FEB82006F0CDC /* LaunchScreen.storyboard */ = {
			isa = PBXVariantGroup;
			children = (
				5DF34E78242FEB82006F0CDC /* Base */,
			);
			name = LaunchScreen.storyboard;
			sourceTree = "<group>";
		};
/* End PBXVariantGroup section */

/* Begin XCBuildConfiguration section */
		5DF34E7B242FEB82006F0CDC /* Debug */ = {
			isa = XCBuildConfiguration;
			buildSettings = {
				ALWAYS_SEARCH_USER_PATHS = NO;
				CLANG_ANALYZER_NONNULL = YES;
				CLANG_ANALYZER_NUMBER_OBJECT_CONVERSION = YES_AGGRESSIVE;
				CLANG_CXX_LANGUAGE_STANDARD = "gnu++14";
				CLANG_CXX_LIBRARY = "libc++";
				CLANG_ENABLE_MODULES = YES;
				CLANG_ENABLE_OBJC_ARC = YES;
				CLANG_ENABLE_OBJC_WEAK = YES;
				CLANG_WARN_BLOCK_CAPTURE_AUTORELEASING = YES;
				CLANG_WARN_BOOL_CONVERSION = YES;
				CLANG_WARN_COMMA = YES;
				CLANG_WARN_CONSTANT_CONVERSION = YES;
				CLANG_WARN_DEPRECATED_OBJC_IMPLEMENTATIONS = YES;
				CLANG_WARN_DIRECT_OBJC_ISA_USAGE = YES_ERROR;
				CLANG_WARN_DOCUMENTATION_COMMENTS = YES;
				CLANG_WARN_EMPTY_BODY = YES;
				CLANG_WARN_ENUM_CONVERSION = YES;
				CLANG_WARN_INFINITE_RECURSION = YES;
				CLANG_WARN_INT_CONVERSION = YES;
				CLANG_WARN_NON_LITERAL_NULL_CONVERSION = YES;
				CLANG_WARN_OBJC_IMPLICIT_RETAIN_SELF = YES;
				CLANG_WARN_OBJC_LITERAL_CONVERSION = YES;
				CLANG_WARN_OBJC_ROOT_CLASS = YES_ERROR;
				CLANG_WARN_RANGE_LOOP_ANALYSIS = YES;
				CLANG_WARN_STRICT_PROTOTYPES = YES;
				CLANG_WARN_SUSPICIOUS_MOVE = YES;
				CLANG_WARN_UNGUARDED_AVAILABILITY = YES_AGGRESSIVE;
				CLANG_WARN_UNREACHABLE_CODE = YES;
				CLANG_WARN__DUPLICATE_METHOD_MATCH = YES;
				COPY_PHASE_STRIP = NO;
				DEBUG_INFORMATION_FORMAT = dwarf;
				ENABLE_STRICT_OBJC_MSGSEND = YES;
				ENABLE_TESTABILITY = YES;
				GCC_C_LANGUAGE_STANDARD = gnu11;
				GCC_DYNAMIC_NO_PIC = NO;
				GCC_NO_COMMON_BLOCKS = YES;
				GCC_OPTIMIZATION_LEVEL = 0;
				GCC_PREPROCESSOR_DEFINITIONS = (
					"DEBUG=1",
					"$(inherited)",
				);
				GCC_WARN_64_TO_32_BIT_CONVERSION = YES;
				GCC_WARN_ABOUT_RETURN_TYPE = YES_ERROR;
				GCC_WARN_UNDECLARED_SELECTOR = YES;
				GCC_WARN_UNINITIALIZED_AUTOS = YES_AGGRESSIVE;
				GCC_WARN_UNUSED_FUNCTION = YES;
				GCC_WARN_UNUSED_VARIABLE = YES;
				IPHONEOS_DEPLOYMENT_TARGET = 13.2;
				MTL_ENABLE_DEBUG_INFO = INCLUDE_SOURCE;
				MTL_FAST_MATH = YES;
				ONLY_ACTIVE_ARCH = YES;
				SDKROOT = iphoneos;
				SWIFT_ACTIVE_COMPILATION_CONDITIONS = DEBUG;
				SWIFT_OPTIMIZATION_LEVEL = "-Onone";
			};
			name = Debug;
		};
		5DF34E7C242FEB82006F0CDC /* Release */ = {
			isa = XCBuildConfiguration;
			buildSettings = {
				ALWAYS_SEARCH_USER_PATHS = NO;
				CLANG_ANALYZER_NONNULL = YES;
				CLANG_ANALYZER_NUMBER_OBJECT_CONVERSION = YES_AGGRESSIVE;
				CLANG_CXX_LANGUAGE_STANDARD = "gnu++14";
				CLANG_CXX_LIBRARY = "libc++";
				CLANG_ENABLE_MODULES = YES;
				CLANG_ENABLE_OBJC_ARC = YES;
				CLANG_ENABLE_OBJC_WEAK = YES;
				CLANG_WARN_BLOCK_CAPTURE_AUTORELEASING = YES;
				CLANG_WARN_BOOL_CONVERSION = YES;
				CLANG_WARN_COMMA = YES;
				CLANG_WARN_CONSTANT_CONVERSION = YES;
				CLANG_WARN_DEPRECATED_OBJC_IMPLEMENTATIONS = YES;
				CLANG_WARN_DIRECT_OBJC_ISA_USAGE = YES_ERROR;
				CLANG_WARN_DOCUMENTATION_COMMENTS = YES;
				CLANG_WARN_EMPTY_BODY = YES;
				CLANG_WARN_ENUM_CONVERSION = YES;
				CLANG_WARN_INFINITE_RECURSION = YES;
				CLANG_WARN_INT_CONVERSION = YES;
				CLANG_WARN_NON_LITERAL_NULL_CONVERSION = YES;
				CLANG_WARN_OBJC_IMPLICIT_RETAIN_SELF = YES;
				CLANG_WARN_OBJC_LITERAL_CONVERSION = YES;
				CLANG_WARN_OBJC_ROOT_CLASS = YES_ERROR;
				CLANG_WARN_RANGE_LOOP_ANALYSIS = YES;
				CLANG_WARN_STRICT_PROTOTYPES = YES;
				CLANG_WARN_SUSPICIOUS_MOVE = YES;
				CLANG_WARN_UNGUARDED_AVAILABILITY = YES_AGGRESSIVE;
				CLANG_WARN_UNREACHABLE_CODE = YES;
				CLANG_WARN__DUPLICATE_METHOD_MATCH = YES;
				COPY_PHASE_STRIP = NO;
				DEBUG_INFORMATION_FORMAT = "dwarf-with-dsym";
				ENABLE_NS_ASSERTIONS = NO;
				ENABLE_STRICT_OBJC_MSGSEND = YES;
				GCC_C_LANGUAGE_STANDARD = gnu11;
				GCC_NO_COMMON_BLOCKS = YES;
				GCC_WARN_64_TO_32_BIT_CONVERSION = YES;
				GCC_WARN_ABOUT_RETURN_TYPE = YES_ERROR;
				GCC_WARN_UNDECLARED_SELECTOR = YES;
				GCC_WARN_UNINITIALIZED_AUTOS = YES_AGGRESSIVE;
				GCC_WARN_UNUSED_FUNCTION = YES;
				GCC_WARN_UNUSED_VARIABLE = YES;
				IPHONEOS_DEPLOYMENT_TARGET = 13.2;
				MTL_ENABLE_DEBUG_INFO = NO;
				MTL_FAST_MATH = YES;
				SDKROOT = iphoneos;
				SWIFT_COMPILATION_MODE = wholemodule;
				SWIFT_OPTIMIZATION_LEVEL = "-O";
				VALIDATE_PRODUCT = YES;
			};
			name = Release;
		};
		5DF34E7E242FEB82006F0CDC /* Debug */ = {
			isa = XCBuildConfiguration;
			buildSettings = {
				ASSETCATALOG_COMPILER_APPICON_NAME = AppIcon;
				CODE_SIGN_STYLE = Automatic;
				DEVELOPMENT_TEAM = 9WZ42N57LF;
				INFOPLIST_FILE = tableViewTest/Info.plist;
				LD_RUNPATH_SEARCH_PATHS = (
					"$(inherited)",
					"@executable_path/Frameworks",
				);
				PRODUCT_BUNDLE_IDENTIFIER = cihanbas.tableViewTest;
				PRODUCT_NAME = "$(TARGET_NAME)";
				SWIFT_VERSION = 5.0;
				TARGETED_DEVICE_FAMILY = "1,2";
			};
			name = Debug;
		};
		5DF34E7F242FEB82006F0CDC /* Release */ = {
			isa = XCBuildConfiguration;
			buildSettings = {
				ASSETCATALOG_COMPILER_APPICON_NAME = AppIcon;
				CODE_SIGN_STYLE = Automatic;
				DEVELOPMENT_TEAM = 9WZ42N57LF;
				INFOPLIST_FILE = tableViewTest/Info.plist;
				LD_RUNPATH_SEARCH_PATHS = (
					"$(inherited)",
					"@executable_path/Frameworks",
				);
				PRODUCT_BUNDLE_IDENTIFIER = cihanbas.tableViewTest;
				PRODUCT_NAME = "$(TARGET_NAME)";
				SWIFT_VERSION = 5.0;
				TARGETED_DEVICE_FAMILY = "1,2";
			};
			name = Release;
		};
/* End XCBuildConfiguration section */

/* Begin XCConfigurationList section */
		5DF34E64242FEB82006F0CDC /* Build configuration list for PBXProject "tableViewTest" */ = {
			isa = XCConfigurationList;
			buildConfigurations = (
				5DF34E7B242FEB82006F0CDC /* Debug */,
				5DF34E7C242FEB82006F0CDC /* Release */,
			);
			defaultConfigurationIsVisible = 0;
			defaultConfigurationName = Release;
		};
		5DF34E7D242FEB82006F0CDC /* Build configuration list for PBXNativeTarget "tableViewTest" */ = {
			isa = XCConfigurationList;
			buildConfigurations = (
				5DF34E7E242FEB82006F0CDC /* Debug */,
				5DF34E7F242FEB82006F0CDC /* Release */,
			);
			defaultConfigurationIsVisible = 0;
			defaultConfigurationName = Release;
		};
/* End XCConfigurationList section */
	};
	rootObject = 5DF34E61242FEB82006F0CDC /* Project object */;
}
